
Microsoft Visual Studio Solution File, Format Version 12.00
# Visual Studio Version 16
VisualStudioVersion = 16.0.30523.141
MinimumVisualStudioVersion = 10.0.40219.1
Project("{8BC9CEB8-8B4A-11D0-8D11-00A0C91BC942}") = "Practice07_01_Operator_Math", "Practice07_01_Operator_Math\Practice07_01_Operator_Math.vcxproj", "{494C684E-9726-46E7-A364-3F032C7BFCC3}"
EndProject
Project("{8BC9CEB8-8B4A-11D0-8D11-00A0C91BC942}") = "Practice07_02_Operator_Compare", "Practice07_02_Operator_Compare\Practice07_02_Operator_Compare.vcxproj", "{CA173530-E5F6-4C79-B77C-B4FAC750191E}"
EndProject
Project("{8BC9CEB8-8B4A-11D0-8D11-00A0C91BC942}") = "Practice07_03_Operator", "Practice07_03_Operator\Practice07_03_Operator.vcxproj", "{248123A9-195C-4F7A-8BDC-2635BADA5D9F}"
EndProject
Project("{8BC9CEB8-8B4A-11D0-8D11-00A0C91BC942}") = "Practice07_04_Template", "Practice07_04_Template\Practice07_04_Template.vcxproj", "{77ABA65C-C54D-44BB-9632-ED8F0FCD19CC}"
EndProject
Global
	GlobalSection(SolutionConfigurationPlatforms) = preSolution
		Debug|x64 = Debug|x64
		Debug|x86 = Debug|x86
		Release|x64 = Release|x64
		Release|x86 = Release|x86
	EndGlobalSection
	GlobalSection(ProjectConfigurationPlatforms) = postSolution
		{494C684E-9726-46E7-A364-3F032C7BFCC3}.Debug|x64.ActiveCfg = Debug|x64
		{494C684E-9726-46E7-A364-3F032C7BFCC3}.Debug|x64.Build.0 = Debug|x64
		{494C684E-9726-46E7-A364-3F032C7BFCC3}.Debug|x86.ActiveCfg = Debug|Win32
		{494C684E-9726-46E7-A364-3F032C7BFCC3}.Debug|x86.Build.0 = Debug|Win32
		{494C684E-9726-46E7-A364-3F032C7BFCC3}.Release|x64.ActiveCfg = Release|x64
		{494C684E-9726-46E7-A364-3F032C7BFCC3}.Release|x64.Build.0 = Release|x64
		{494C684E-9726-46E7-A364-3F032C7BFCC3}.Release|x86.ActiveCfg = Release|Win32
		{494C684E-9726-46E7-A364-3F032C7BFCC3}.Release|x86.Build.0 = Release|Win32
		{CA173530-E5F6-4C79-B77C-B4FAC750191E}.Debug|x64.ActiveCfg = Debug|x64
		{CA173530-E5F6-4C79-B77C-B4FAC750191E}.Debug|x64.Build.0 = Debug|x64
		{CA173530-E5F6-4C79-B77C-B4FAC750191E}.Debug|x86.ActiveCfg = Debug|Win32
		{CA173530-E5F6-4C79-B77C-B4FAC750191E}.Debug|x86.Build.0 = Debug|Win32
		{CA173530-E5F6-4C79-B77C-B4FAC750191E}.Release|x64.ActiveCfg = Release|x64
		{CA173530-E5F6-4C79-B77C-B4FAC750191E}.Release|x64.Build.0 = Release|x64
		{CA173530-E5F6-4C79-B77C-B4FAC750191E}.Release|x86.ActiveCfg = Release|Win32
		{CA173530-E5F6-4C79-B77C-B4FAC750191E}.Release|x86.Build.0 = Release|Win32
		{248123A9-195C-4F7A-8BDC-2635BADA5D9F}.Debug|x64.ActiveCfg = Debug|x64
		{248123A9-195C-4F7A-8BDC-2635BADA5D9F}.Debug|x64.Build.0 = Debug|x64
		{248123A9-195C-4F7A-8BDC-2635BADA5D9F}.Debug|x86.ActiveCfg = Debug|Win32
		{248123A9-195C-4F7A-8BDC-2635BADA5D9F}.Debug|x86.Build.0 = Debug|Win32
		{248123A9-195C-4F7A-8BDC-2635BADA5D9F}.Release|x64.ActiveCfg = Release|x64
		{248123A9-195C-4F7A-8BDC-2635BADA5D9F}.Release|x64.Build.0 = Release|x64
		{248123A9-195C-4F7A-8BDC-2635BADA5D9F}.Release|x86.ActiveCfg = Release|Win32
		{248123A9-195C-4F7A-8BDC-2635BADA5D9F}.Release|x86.Build.0 = Release|Win32
		{77ABA65C-C54D-44BB-9632-ED8F0FCD19CC}.Debug|x64.ActiveCfg = Debug|x64
		{77ABA65C-C54D-44BB-9632-ED8F0FCD19CC}.Debug|x64.Build.0 = Debug|x64
		{77ABA65C-C54D-44BB-9632-ED8F0FCD19CC}.Debug|x86.ActiveCfg = Debug|Win32
		{77ABA65C-C54D-44BB-9632-ED8F0FCD19CC}.Debug|x86.Build.0 = Debug|Win32
		{77ABA65C-C54D-44BB-9632-ED8F0FCD19CC}.Release|x64.ActiveCfg = Release|x64
		{77ABA65C-C54D-44BB-9632-ED8F0FCD19CC}.Release|x64.Build.0 = Release|x64
		{77ABA65C-C54D-44BB-9632-ED8F0FCD19CC}.Release|x86.ActiveCfg = Release|Win32
		{77ABA65C-C54D-44BB-9632-ED8F0FCD19CC}.Release|x86.Build.0 = Release|Win32
	EndGlobalSection
	GlobalSection(SolutionProperties) = preSolution
		HideSolutionNode = FALSE
	EndGlobalSection
	GlobalSection(ExtensibilityGlobals) = postSolution
		SolutionGuid = {113ECEEE-92C4-451C-BBA5-07C4E3677D79}
	EndGlobalSection
EndGlobal
